
Microsoft Visual Studio Solution File, Format Version 12.00
# Visual Studio Version 16
VisualStudioVersion = 16.0.30907.101
MinimumVisualStudioVersion = 10.0.40219.1
Project("{FAE04EC0-301F-11D3-BF4B-00C04F79EFBC}") = "SherlockAndSquares", "SherlockAndSquares.csproj", "{1BFFA257-4788-4AAB-B8D0-AAC4D3540593}"
EndProject
Global
	GlobalSection(SolutionConfigurationPlatforms) = preSolution
		Debug|Any CPU = Debug|Any CPU
		Release|Any CPU = Release|Any CPU
	EndGlobalSection
	GlobalSection(ProjectConfigurationPlatforms) = postSolution
		{1BFFA257-4788-4AAB-B8D0-AAC4D3540593}.Debug|Any CPU.ActiveCfg = Debug|Any CPU
		{1BFFA257-4788-4AAB-B8D0-AAC4D3540593}.Debug|Any CPU.Build.0 = Debug|Any CPU
		{1BFFA257-4788-4AAB-B8D0-AAC4D3540593}.Release|Any CPU.ActiveCfg = Release|Any CPU
		{1BFFA257-4788-4AAB-B8D0-AAC4D3540593}.Release|Any CPU.Build.0 = Release|Any CPU
	EndGlobalSection
	GlobalSection(SolutionProperties) = preSolution
		HideSolutionNode = FALSE
	EndGlobalSection
	GlobalSection(ExtensibilityGlobals) = postSolution
		SolutionGuid = {3DFFED1A-42D7-427C-8148-25950660A934}
	EndGlobalSection
EndGlobal
